
Microsoft Visual Studio Solution File, Format Version 12.00
# Visual Studio Version 16
VisualStudioVersion = 16.0.29806.167
MinimumVisualStudioVersion = 10.0.40219.1
Project("{9A19103F-16F7-4668-BE54-9A1E7A4F7556}") = "Particle.SDK.netcorestandard", "ParticleSDK\Particle.SDK.netcorestandard.csproj", "{6CD84312-68C1-4293-9320-C8E83D410936}"
EndProject
Project("{2150E333-8FDC-42A3-9474-1A3956D46DE8}") = "Solution Items", "Solution Items", "{13ADF155-8E41-49A7-B184-7922CBA5AADB}"
	ProjectSection(SolutionItems) = preProject
		.gitignore = .gitignore
		CHANGELOG.md = CHANGELOG.md
		LICENSE = LICENSE
		README.md = README.md
	EndProjectSection
EndProject
Global
	GlobalSection(SolutionConfigurationPlatforms) = preSolution
		Debug|Any CPU = Debug|Any CPU
		Release|Any CPU = Release|Any CPU
	EndGlobalSection
	GlobalSection(ProjectConfigurationPlatforms) = postSolution
		{6CD84312-68C1-4293-9320-C8E83D410936}.Debug|Any CPU.ActiveCfg = Debug|Any CPU
		{6CD84312-68C1-4293-9320-C8E83D410936}.Debug|Any CPU.Build.0 = Debug|Any CPU
		{6CD84312-68C1-4293-9320-C8E83D410936}.Release|Any CPU.ActiveCfg = Release|Any CPU
		{6CD84312-68C1-4293-9320-C8E83D410936}.Release|Any CPU.Build.0 = Release|Any CPU
	EndGlobalSection
	GlobalSection(SolutionProperties) = preSolution
		HideSolutionNode = FALSE
	EndGlobalSection
	GlobalSection(ExtensibilityGlobals) = postSolution
		SolutionGuid = {D37C7006-732B-4C2D-B98C-75939D844F5A}
	EndGlobalSection
EndGlobal
